
Microsoft Visual Studio Solution File, Format Version 12.00
# Visual Studio 14
VisualStudioVersion = 14.0.25420.1
MinimumVisualStudioVersion = 10.0.40219.1
Project("{FAE04EC0-301F-11D3-BF4B-00C04F79EFBC}") = "Paylocity", "Paylocity\Paylocity.csproj", "{80AF5629-0BBE-44A4-9B35-CBF36E659AD3}"
EndProject
Project("{FAE04EC0-301F-11D3-BF4B-00C04F79EFBC}") = "Paylocity.Tests", "Paylocity.Tests\Paylocity.Tests.csproj", "{2CD2F4B7-E225-4CB6-B7D1-A2A11C4631A6}"
EndProject
Global
	GlobalSection(SolutionConfigurationPlatforms) = preSolution
		Debug|Any CPU = Debug|Any CPU
		Release|Any CPU = Release|Any CPU
	EndGlobalSection
	GlobalSection(ProjectConfigurationPlatforms) = postSolution
		{80AF5629-0BBE-44A4-9B35-CBF36E659AD3}.Debug|Any CPU.ActiveCfg = Debug|Any CPU
		{80AF5629-0BBE-44A4-9B35-CBF36E659AD3}.Debug|Any CPU.Build.0 = Debug|Any CPU
		{80AF5629-0BBE-44A4-9B35-CBF36E659AD3}.Release|Any CPU.ActiveCfg = Release|Any CPU
		{80AF5629-0BBE-44A4-9B35-CBF36E659AD3}.Release|Any CPU.Build.0 = Release|Any CPU
		{2CD2F4B7-E225-4CB6-B7D1-A2A11C4631A6}.Debug|Any CPU.ActiveCfg = Debug|Any CPU
		{2CD2F4B7-E225-4CB6-B7D1-A2A11C4631A6}.Debug|Any CPU.Build.0 = Debug|Any CPU
		{2CD2F4B7-E225-4CB6-B7D1-A2A11C4631A6}.Release|Any CPU.ActiveCfg = Release|Any CPU
		{2CD2F4B7-E225-4CB6-B7D1-A2A11C4631A6}.Release|Any CPU.Build.0 = Release|Any CPU
	EndGlobalSection
	GlobalSection(SolutionProperties) = preSolution
		HideSolutionNode = FALSE
	EndGlobalSection
EndGlobal
